
Microsoft Visual Studio Solution File, Format Version 12.00
# Visual Studio 15
VisualStudioVersion = 15.0.27130.2027
MinimumVisualStudioVersion = 10.0.40219.1
Project("{FAE04EC0-301F-11D3-BF4B-00C04F79EFBC}") = "restlessmedia.Module.Data.EF", "src\restlessmedia.Module.Data.EF.csproj", "{40C0AFB7-2409-47E5-8E96-9F7BBF3DDC59}"
EndProject
Global
	GlobalSection(SolutionConfigurationPlatforms) = preSolution
		Debug|Any CPU = Debug|Any CPU
		Release|Any CPU = Release|Any CPU
	EndGlobalSection
	GlobalSection(ProjectConfigurationPlatforms) = postSolution
		{40C0AFB7-2409-47E5-8E96-9F7BBF3DDC59}.Debug|Any CPU.ActiveCfg = Debug|Any CPU
		{40C0AFB7-2409-47E5-8E96-9F7BBF3DDC59}.Debug|Any CPU.Build.0 = Debug|Any CPU
		{40C0AFB7-2409-47E5-8E96-9F7BBF3DDC59}.Release|Any CPU.ActiveCfg = Release|Any CPU
		{40C0AFB7-2409-47E5-8E96-9F7BBF3DDC59}.Release|Any CPU.Build.0 = Release|Any CPU
	EndGlobalSection
	GlobalSection(SolutionProperties) = preSolution
		HideSolutionNode = FALSE
	EndGlobalSection
	GlobalSection(ExtensibilityGlobals) = postSolution
		EnterpriseLibraryConfigurationToolBinariesPathV6 = ommon.6.0.1304.0\lib\NET45;ransientFaultHandling.6.0.1304.0\lib\portable-net45+win+wp8
		SolutionGuid = {5F4FCCEC-5070-4247-99BC-17F584A58CDB}
	EndGlobalSection
EndGlobal
